
Microsoft Visual Studio Solution File, Format Version 12.00
# Visual Studio Version 16
VisualStudioVersion = 16.0.30717.126
MinimumVisualStudioVersion = 10.0.40219.1
Project("{9A19103F-16F7-4668-BE54-9A1E7A4F7556}") = "SampleApp.Api", "SampleApp.Api\SampleApp.Api.csproj", "{2B197B50-6E1A-4969-983E-A6492F1F8EE1}"
EndProject
Project("{9A19103F-16F7-4668-BE54-9A1E7A4F7556}") = "SampleApp.Core", "SampleApp.Core\SampleApp.Core.csproj", "{F793D11A-7A80-4D81-A69F-8BF353B9971A}"
EndProject
Project("{9A19103F-16F7-4668-BE54-9A1E7A4F7556}") = "SampleApp.Persistence", "SampleApp.Persistence\SampleApp.Persistence.csproj", "{4256FFDB-98A6-49A8-B9CE-80491CB3EE10}"
EndProject
Project("{9A19103F-16F7-4668-BE54-9A1E7A4F7556}") = "SampleApp.Persistence.Dapper", "SampleApp.Persistence.Dapper\SampleApp.Persistence.Dapper.csproj", "{78F09590-90D7-4E9F-B459-49E6DFBC79EE}"
EndProject
Project("{FAE04EC0-301F-11D3-BF4B-00C04F79EFBC}") = "SampleApp.Persistence.MediatR", "SampleApp.Persistence.MediatR\SampleApp.Persistence.MediatR.csproj", "{C1DE7366-CA91-41E4-AB15-D3C580AAA045}"
EndProject
Global
	GlobalSection(SolutionConfigurationPlatforms) = preSolution
		Debug|Any CPU = Debug|Any CPU
		Release|Any CPU = Release|Any CPU
	EndGlobalSection
	GlobalSection(ProjectConfigurationPlatforms) = postSolution
		{2B197B50-6E1A-4969-983E-A6492F1F8EE1}.Debug|Any CPU.ActiveCfg = Debug|Any CPU
		{2B197B50-6E1A-4969-983E-A6492F1F8EE1}.Debug|Any CPU.Build.0 = Debug|Any CPU
		{2B197B50-6E1A-4969-983E-A6492F1F8EE1}.Release|Any CPU.ActiveCfg = Release|Any CPU
		{2B197B50-6E1A-4969-983E-A6492F1F8EE1}.Release|Any CPU.Build.0 = Release|Any CPU
		{F793D11A-7A80-4D81-A69F-8BF353B9971A}.Debug|Any CPU.ActiveCfg = Debug|Any CPU
		{F793D11A-7A80-4D81-A69F-8BF353B9971A}.Debug|Any CPU.Build.0 = Debug|Any CPU
		{F793D11A-7A80-4D81-A69F-8BF353B9971A}.Release|Any CPU.ActiveCfg = Release|Any CPU
		{F793D11A-7A80-4D81-A69F-8BF353B9971A}.Release|Any CPU.Build.0 = Release|Any CPU
		{4256FFDB-98A6-49A8-B9CE-80491CB3EE10}.Debug|Any CPU.ActiveCfg = Debug|Any CPU
		{4256FFDB-98A6-49A8-B9CE-80491CB3EE10}.Debug|Any CPU.Build.0 = Debug|Any CPU
		{4256FFDB-98A6-49A8-B9CE-80491CB3EE10}.Release|Any CPU.ActiveCfg = Release|Any CPU
		{4256FFDB-98A6-49A8-B9CE-80491CB3EE10}.Release|Any CPU.Build.0 = Release|Any CPU
		{78F09590-90D7-4E9F-B459-49E6DFBC79EE}.Debug|Any CPU.ActiveCfg = Debug|Any CPU
		{78F09590-90D7-4E9F-B459-49E6DFBC79EE}.Debug|Any CPU.Build.0 = Debug|Any CPU
		{78F09590-90D7-4E9F-B459-49E6DFBC79EE}.Release|Any CPU.ActiveCfg = Release|Any CPU
		{78F09590-90D7-4E9F-B459-49E6DFBC79EE}.Release|Any CPU.Build.0 = Release|Any CPU
		{C1DE7366-CA91-41E4-AB15-D3C580AAA045}.Debug|Any CPU.ActiveCfg = Debug|Any CPU
		{C1DE7366-CA91-41E4-AB15-D3C580AAA045}.Debug|Any CPU.Build.0 = Debug|Any CPU
		{C1DE7366-CA91-41E4-AB15-D3C580AAA045}.Release|Any CPU.ActiveCfg = Release|Any CPU
		{C1DE7366-CA91-41E4-AB15-D3C580AAA045}.Release|Any CPU.Build.0 = Release|Any CPU
	EndGlobalSection
	GlobalSection(SolutionProperties) = preSolution
		HideSolutionNode = FALSE
	EndGlobalSection
	GlobalSection(ExtensibilityGlobals) = postSolution
		SolutionGuid = {810785BD-9AA7-46C9-A7B0-5C249B494DB5}
	EndGlobalSection
EndGlobal
